// !$*UTF8*$!
{
	archiveVersion = 1;
	classes = {
	};
	objectVersion = 48;
	objects = {

/* Begin PBXBuildFile section */
		B9EDE435203DCA8F00ACE19B /* AppDelegate.swift in Sources */ = {isa = PBXBuildFile; fileRef = B9EDE434203DCA8F00ACE19B /* AppDelegate.swift */; };
		B9EDE437203DCA8F00ACE19B /* art.scnassets in Resources */ = {isa = PBXBuildFile; fileRef = B9EDE436203DCA8F00ACE19B /* art.scnassets */; };
		B9EDE439203DCA8F00ACE19B /* ViewController.swift in Sources */ = {isa = PBXBuildFile; fileRef = B9EDE438203DCA8F00ACE19B /* ViewController.swift */; };
		B9EDE43C203DCA9000ACE19B /* Main.storyboard in Resources */ = {isa = PBXBuildFile; fileRef = B9EDE43A203DCA9000ACE19B /* Main.storyboard */; };
		B9EDE43E203DCA9000ACE19B /* Assets.xcassets in Resources */ = {isa = PBXBuildFile; fileRef = B9EDE43D203DCA9000ACE19B /* Assets.xcassets */; };
		B9EDE441203DCA9000ACE19B /* LaunchScreen.storyboard in Resources */ = {isa = PBXBuildFile; fileRef = B9EDE43F203DCA9000ACE19B /* LaunchScreen.storyboard */; };
/* End PBXBuildFile section */

/* Begin PBXFileReference section */
		B9EDE431203DCA8F00ACE19B /* ARDicee.app */ = {isa = PBXFileReference; explicitFileType = wrapper.application; includeInIndex = 0; path = ARDicee.app; sourceTree = BUILT_PRODUCTS_DIR; };
		B9EDE434203DCA8F00ACE19B /* AppDelegate.swift */ = {isa = PBXFileReference; lastKnownFileType = sourcecode.swift; path = AppDelegate.swift; sourceTree = "<group>"; };
		B9EDE436203DCA8F00ACE19B /* art.scnassets */ = {isa = PBXFileReference; lastKnownFileType = wrapper.scnassets; path = art.scnassets; sourceTree = "<group>"; };
		B9EDE438203DCA8F00ACE19B /* ViewController.swift */ = {isa = PBXFileReference; lastKnownFileType = sourcecode.swift; path = ViewController.swift; sourceTree = "<group>"; };
		B9EDE43B203DCA9000ACE19B /* Base */ = {isa = PBXFileReference; lastKnownFileType = file.storyboard; name = Base; path = Base.lproj/Main.storyboard; sourceTree = "<group>"; };
		B9EDE43D203DCA9000ACE19B /* Assets.xcassets */ = {isa = PBXFileReference; lastKnownFileType = folder.assetcatalog; path = Assets.xcassets; sourceTree = "<group>"; };
		B9EDE440203DCA9000ACE19B /* Base */ = {isa = PBXFileReference; lastKnownFileType = file.storyboard; name = Base; path = Base.lproj/LaunchScreen.storyboard; sourceTree = "<group>"; };
		B9EDE442203DCA9000ACE19B /* Info.plist */ = {isa = PBXFileReference; lastKnownFileType = text.plist.xml; path = Info.plist; sourceTree = "<group>"; };
/* End PBXFileReference section */

/* Begin PBXFrameworksBuildPhase section */
		B9EDE42E203DCA8F00ACE19B /* Frameworks */ = {
			isa = PBXFrameworksBuildPhase;
			buildActionMask = 2147483647;
			files = (
			);
			runOnlyForDeploymentPostprocessing = 0;
		};
/* End PBXFrameworksBuildPhase section */

/* Begin PBXGroup section */
		B9EDE428203DCA8F00ACE19B = {
			isa = PBXGroup;
			children = (
				B9EDE433203DCA8F00ACE19B /* ARDicee */,
				B9EDE432203DCA8F00ACE19B /* Products */,
			);
			sourceTree = "<group>";
		};
		B9EDE432203DCA8F00ACE19B /* Products */ = {
			isa = PBXGroup;
			children = (
				B9EDE431203DCA8F00ACE19B /* ARDicee.app */,
			);
			name = Products;
			sourceTree = "<group>";
		};
		B9EDE433203DCA8F00ACE19B /* ARDicee */ = {
			isa = PBXGroup;
			children = (
				B9EDE434203DCA8F00ACE19B /* AppDelegate.swift */,
				B9EDE436203DCA8F00ACE19B /* art.scnassets */,
				B9EDE438203DCA8F00ACE19B /* ViewController.swift */,
				B9EDE43A203DCA9000ACE19B /* Main.storyboard */,
				B9EDE43D203DCA9000ACE19B /* Assets.xcassets */,
				B9EDE43F203DCA9000ACE19B /* LaunchScreen.storyboard */,
				B9EDE442203DCA9000ACE19B /* Info.plist */,
			);
			path = ARDicee;
			sourceTree = "<group>";
		};
/* End PBXGroup section */

/* Begin PBXNativeTarget section */
		B9EDE430203DCA8F00ACE19B /* ARDicee */ = {
			isa = PBXNativeTarget;
			buildConfigurationList = B9EDE445203DCA9000ACE19B /* Build configuration list for PBXNativeTarget "ARDicee" */;
			buildPhases = (
				B9EDE42D203DCA8F00ACE19B /* Sources */,
				B9EDE42E203DCA8F00ACE19B /* Frameworks */,
				B9EDE42F203DCA8F00ACE19B /* Resources */,
			);
			buildRules = (
			);
			dependencies = (
			);
			name = ARDicee;
			productName = ARDicee;
			productReference = B9EDE431203DCA8F00ACE19B /* ARDicee.app */;
			productType = "com.apple.product-type.application";
		};
/* End PBXNativeTarget section */

/* Begin PBXProject section */
		B9EDE429203DCA8F00ACE19B /* Project object */ = {
			isa = PBXProject;
			attributes = {
				LastSwiftUpdateCheck = 0920;
				LastUpgradeCheck = 0920;
				ORGANIZATIONNAME = "Mark Carruthers";
				TargetAttributes = {
					B9EDE430203DCA8F00ACE19B = {
						CreatedOnToolsVersion = 9.2;
						ProvisioningStyle = Automatic;
					};
				};
			};
			buildConfigurationList = B9EDE42C203DCA8F00ACE19B /* Build configuration list for PBXProject "ARDicee" */;
			compatibilityVersion = "Xcode 8.0";
			developmentRegion = en;
			hasScannedForEncodings = 0;
			knownRegions = (
				en,
				Base,
			);
			mainGroup = B9EDE428203DCA8F00ACE19B;
			productRefGroup = B9EDE432203DCA8F00ACE19B /* Products */;
			projectDirPath = "";
			projectRoot = "";
			targets = (
				B9EDE430203DCA8F00ACE19B /* ARDicee */,
			);
		};
/* End PBXProject section */

/* Begin PBXResourcesBuildPhase section */
		B9EDE42F203DCA8F00ACE19B /* Resources */ = {
			isa = PBXResourcesBuildPhase;
			buildActionMask = 2147483647;
			files = (
				B9EDE437203DCA8F00ACE19B /* art.scnassets in Resources */,
				B9EDE441203DCA9000ACE19B /* LaunchScreen.storyboard in Resources */,
				B9EDE43E203DCA9000ACE19B /* Assets.xcassets in Resources */,
				B9EDE43C203DCA9000ACE19B /* Main.storyboard in Resources */,
			);
			runOnlyForDeploymentPostprocessing = 0;
		};
/* End PBXResourcesBuildPhase section */

/* Begin PBXSourcesBuildPhase section */
		B9EDE42D203DCA8F00ACE19B /* Sources */ = {
			isa = PBXSourcesBuildPhase;
			buildActionMask = 2147483647;
			files = (
				B9EDE439203DCA8F00ACE19B /* ViewController.swift in Sources */,
				B9EDE435203DCA8F00ACE19B /* AppDelegate.swift in Sources */,
			);
			runOnlyForDeploymentPostprocessing = 0;
		};
/* End PBXSourcesBuildPhase section */

/* Begin PBXVariantGroup section */
		B9EDE43A203DCA9000ACE19B /* Main.storyboard */ = {
			isa = PBXVariantGroup;
			children = (
				B9EDE43B203DCA9000ACE19B /* Base */,
			);
			name = Main.storyboard;
			sourceTree = "<group>";
		};
		B9EDE43F203DCA9000ACE19B /* LaunchScreen.storyboard */ = {
			isa = PBXVariantGroup;
			children = (
				B9EDE440203DCA9000ACE19B /* Base */,
			);
			name = LaunchScreen.storyboard;
			sourceTree = "<group>";
		};
/* End PBXVariantGroup section */

/* Begin XCBuildConfiguration section */
		B9EDE443203DCA9000ACE19B /* Debug */ = {
			isa = XCBuildConfiguration;
			buildSettings = {
				ALWAYS_SEARCH_USER_PATHS = NO;
				CLANG_ANALYZER_NONNULL = YES;
				CLANG_ANALYZER_NUMBER_OBJECT_CONVERSION = YES_AGGRESSIVE;
				CLANG_CXX_LANGUAGE_STANDARD = "gnu++14";
				CLANG_CXX_LIBRARY = "libc++";
				CLANG_ENABLE_MODULES = YES;
				CLANG_ENABLE_OBJC_ARC = YES;
				CLANG_WARN_BLOCK_CAPTURE_AUTORELEASING = YES;
				CLANG_WARN_BOOL_CONVERSION = YES;
				CLANG_WARN_COMMA = YES;
				CLANG_WARN_CONSTANT_CONVERSION = YES;
				CLANG_WARN_DIRECT_OBJC_ISA_USAGE = YES_ERROR;
				CLANG_WARN_DOCUMENTATION_COMMENTS = YES;
				CLANG_WARN_EMPTY_BODY = YES;
				CLANG_WARN_ENUM_CONVERSION = YES;
				CLANG_WARN_INFINITE_RECURSION = YES;
				CLANG_WARN_INT_CONVERSION = YES;
				CLANG_WARN_NON_LITERAL_NULL_CONVERSION = YES;
				CLANG_WARN_OBJC_LITERAL_CONVERSION = YES;
				CLANG_WARN_OBJC_ROOT_CLASS = YES_ERROR;
				CLANG_WARN_RANGE_LOOP_ANALYSIS = YES;
				CLANG_WARN_STRICT_PROTOTYPES = YES;
				CLANG_WARN_SUSPICIOUS_MOVE = YES;
				CLANG_WARN_UNGUARDED_AVAILABILITY = YES_AGGRESSIVE;
				CLANG_WARN_UNREACHABLE_CODE = YES;
				CLANG_WARN__DUPLICATE_METHOD_MATCH = YES;
				CODE_SIGN_IDENTITY = "iPhone Developer";
				COPY_PHASE_STRIP = NO;
				DEBUG_INFORMATION_FORMAT = dwarf;
				ENABLE_STRICT_OBJC_MSGSEND = YES;
				ENABLE_TESTABILITY = YES;
				GCC_C_LANGUAGE_STANDARD = gnu11;
				GCC_DYNAMIC_NO_PIC = NO;
				GCC_NO_COMMON_BLOCKS = YES;
				GCC_OPTIMIZATION_LEVEL = 0;
				GCC_PREPROCESSOR_DEFINITIONS = (
					"DEBUG=1",
					"$(inherited)",
				);
				GCC_WARN_64_TO_32_BIT_CONVERSION = YES;
				GCC_WARN_ABOUT_RETURN_TYPE = YES_ERROR;
				GCC_WARN_UNDECLARED_SELECTOR = YES;
				GCC_WARN_UNINITIALIZED_AUTOS = YES_AGGRESSIVE;
				GCC_WARN_UNUSED_FUNCTION = YES;
				GCC_WARN_UNUSED_VARIABLE = YES;
				IPHONEOS_DEPLOYMENT_TARGET = 11.2;
				MTL_ENABLE_DEBUG_INFO = YES;
				ONLY_ACTIVE_ARCH = YES;
				SDKROOT = iphoneos;
				SWIFT_ACTIVE_COMPILATION_CONDITIONS = DEBUG;
				SWIFT_OPTIMIZATION_LEVEL = "-Onone";
			};
			name = Debug;
		};
		B9EDE444203DCA9000ACE19B /* Release */ = {
			isa = XCBuildConfiguration;
			buildSettings = {
				ALWAYS_SEARCH_USER_PATHS = NO;
				CLANG_ANALYZER_NONNULL = YES;
				CLANG_ANALYZER_NUMBER_OBJECT_CONVERSION = YES_AGGRESSIVE;
				CLANG_CXX_LANGUAGE_STANDARD = "gnu++14";
				CLANG_CXX_LIBRARY = "libc++";
				CLANG_ENABLE_MODULES = YES;
				CLANG_ENABLE_OBJC_ARC = YES;
				CLANG_WARN_BLOCK_CAPTURE_AUTORELEASING = YES;
				CLANG_WARN_BOOL_CONVERSION = YES;
				CLANG_WARN_COMMA = YES;
				CLANG_WARN_CONSTANT_CONVERSION = YES;
				CLANG_WARN_DIRECT_OBJC_ISA_USAGE = YES_ERROR;
				CLANG_WARN_DOCUMENTATION_COMMENTS = YES;
				CLANG_WARN_EMPTY_BODY = YES;
				CLANG_WARN_ENUM_CONVERSION = YES;
				CLANG_WARN_INFINITE_RECURSION = YES;
				CLANG_WARN_INT_CONVERSION = YES;
				CLANG_WARN_NON_LITERAL_NULL_CONVERSION = YES;
				CLANG_WARN_OBJC_LITERAL_CONVERSION = YES;
				CLANG_WARN_OBJC_ROOT_CLASS = YES_ERROR;
				CLANG_WARN_RANGE_LOOP_ANALYSIS = YES;
				CLANG_WARN_STRICT_PROTOTYPES = YES;
				CLANG_WARN_SUSPICIOUS_MOVE = YES;
				CLANG_WARN_UNGUARDED_AVAILABILITY = YES_AGGRESSIVE;
				CLANG_WARN_UNREACHABLE_CODE = YES;
				CLANG_WARN__DUPLICATE_METHOD_MATCH = YES;
				CODE_SIGN_IDENTITY = "iPhone Developer";
				COPY_PHASE_STRIP = NO;
				DEBUG_INFORMATION_FORMAT = "dwarf-with-dsym";
				ENABLE_NS_ASSERTIONS = NO;
				ENABLE_STRICT_OBJC_MSGSEND = YES;
				GCC_C_LANGUAGE_STANDARD = gnu11;
				GCC_NO_COMMON_BLOCKS = YES;
				GCC_WARN_64_TO_32_BIT_CONVERSION = YES;
				GCC_WARN_ABOUT_RETURN_TYPE = YES_ERROR;
				GCC_WARN_UNDECLARED_SELECTOR = YES;
				GCC_WARN_UNINITIALIZED_AUTOS = YES_AGGRESSIVE;
				GCC_WARN_UNUSED_FUNCTION = YES;
				GCC_WARN_UNUSED_VARIABLE = YES;
				IPHONEOS_DEPLOYMENT_TARGET = 11.2;
				MTL_ENABLE_DEBUG_INFO = NO;
				SDKROOT = iphoneos;
				SWIFT_OPTIMIZATION_LEVEL = "-Owholemodule";
				VALIDATE_PRODUCT = YES;
			};
			name = Release;
		};
		B9EDE446203DCA9000ACE19B /* Debug */ = {
			isa = XCBuildConfiguration;
			buildSettings = {
				ASSETCATALOG_COMPILER_APPICON_NAME = AppIcon;
				CODE_SIGN_STYLE = Automatic;
				DEVELOPMENT_TEAM = E3KE2K2Q4N;
				INFOPLIST_FILE = ARDicee/Info.plist;
				LD_RUNPATH_SEARCH_PATHS = "$(inherited) @executable_path/Frameworks";
				PRODUCT_BUNDLE_IDENTIFIER = com.MarkCarruthers.ARDicee;
				PRODUCT_NAME = "$(TARGET_NAME)";
				SWIFT_VERSION = 4.0;
				TARGETED_DEVICE_FAMILY = "1,2";
			};
			name = Debug;
		};
		B9EDE447203DCA9000ACE19B /* Release */ = {
			isa = XCBuildConfiguration;
			buildSettings = {
				ASSETCATALOG_COMPILER_APPICON_NAME = AppIcon;
				CODE_SIGN_STYLE = Automatic;
				DEVELOPMENT_TEAM = E3KE2K2Q4N;
				INFOPLIST_FILE = ARDicee/Info.plist;
				LD_RUNPATH_SEARCH_PATHS = "$(inherited) @executable_path/Frameworks";
				PRODUCT_BUNDLE_IDENTIFIER = com.MarkCarruthers.ARDicee;
				PRODUCT_NAME = "$(TARGET_NAME)";
				SWIFT_VERSION = 4.0;
				TARGETED_DEVICE_FAMILY = "1,2";
			};
			name = Release;
		};
/* End XCBuildConfiguration section */

/* Begin XCConfigurationList section */
		B9EDE42C203DCA8F00ACE19B /* Build configuration list for PBXProject "ARDicee" */ = {
			isa = XCConfigurationList;
			buildConfigurations = (
				B9EDE443203DCA9000ACE19B /* Debug */,
				B9EDE444203DCA9000ACE19B /* Release */,
			);
			defaultConfigurationIsVisible = 0;
			defaultConfigurationName = Release;
		};
		B9EDE445203DCA9000ACE19B /* Build configuration list for PBXNativeTarget "ARDicee" */ = {
			isa = XCConfigurationList;
			buildConfigurations = (
				B9EDE446203DCA9000ACE19B /* Debug */,
				B9EDE447203DCA9000ACE19B /* Release */,
			);
			defaultConfigurationIsVisible = 0;
			defaultConfigurationName = Release;
		};
/* End XCConfigurationList section */
	};
	rootObject = B9EDE429203DCA8F00ACE19B /* Project object */;
}
